
Microsoft Visual Studio Solution File, Format Version 12.00
# Visual Studio 15
VisualStudioVersion = 15.0.28307.329
MinimumVisualStudioVersion = 10.0.40219.1
Project("{FAE04EC0-301F-11D3-BF4B-00C04F79EFBC}") = "Task 4", "Task 4\Task 4.csproj", "{89565460-9434-4224-A57C-2680D85E3CD0}"
EndProject
Global
	GlobalSection(SolutionConfigurationPlatforms) = preSolution
		Debug|Any CPU = Debug|Any CPU
		Release|Any CPU = Release|Any CPU
	EndGlobalSection
	GlobalSection(ProjectConfigurationPlatforms) = postSolution
		{89565460-9434-4224-A57C-2680D85E3CD0}.Debug|Any CPU.ActiveCfg = Debug|Any CPU
		{89565460-9434-4224-A57C-2680D85E3CD0}.Debug|Any CPU.Build.0 = Debug|Any CPU
		{89565460-9434-4224-A57C-2680D85E3CD0}.Release|Any CPU.ActiveCfg = Release|Any CPU
		{89565460-9434-4224-A57C-2680D85E3CD0}.Release|Any CPU.Build.0 = Release|Any CPU
	EndGlobalSection
	GlobalSection(SolutionProperties) = preSolution
		HideSolutionNode = FALSE
	EndGlobalSection
	GlobalSection(ExtensibilityGlobals) = postSolution
		SolutionGuid = {03905D84-6949-44BA-A4AE-B7513DC8679F}
	EndGlobalSection
EndGlobal
