
Microsoft Visual Studio Solution File, Format Version 12.00
# Visual Studio 15
VisualStudioVersion = 15.0.28307.329
MinimumVisualStudioVersion = 10.0.40219.1
Project("{FAE04EC0-301F-11D3-BF4B-00C04F79EFBC}") = "task1", "task1\task1.csproj", "{4A575489-18D7-4814-A979-40513AA1BC08}"
EndProject
Global
	GlobalSection(SolutionConfigurationPlatforms) = preSolution
		Debug|Any CPU = Debug|Any CPU
		Release|Any CPU = Release|Any CPU
	EndGlobalSection
	GlobalSection(ProjectConfigurationPlatforms) = postSolution
		{4A575489-18D7-4814-A979-40513AA1BC08}.Debug|Any CPU.ActiveCfg = Debug|Any CPU
		{4A575489-18D7-4814-A979-40513AA1BC08}.Debug|Any CPU.Build.0 = Debug|Any CPU
		{4A575489-18D7-4814-A979-40513AA1BC08}.Release|Any CPU.ActiveCfg = Release|Any CPU
		{4A575489-18D7-4814-A979-40513AA1BC08}.Release|Any CPU.Build.0 = Release|Any CPU
	EndGlobalSection
	GlobalSection(SolutionProperties) = preSolution
		HideSolutionNode = FALSE
	EndGlobalSection
	GlobalSection(ExtensibilityGlobals) = postSolution
		SolutionGuid = {FCBB7B09-F926-4B72-8358-FEF04EC84438}
	EndGlobalSection
EndGlobal
